
Microsoft Visual Studio Solution File, Format Version 12.00
# Visual Studio Version 16
VisualStudioVersion = 16.0.32126.315
MinimumVisualStudioVersion = 10.0.40219.1
Project("{FAE04EC0-301F-11D3-BF4B-00C04F79EFBC}") = "WpfApp4", "WpfApp4.csproj", "{A464531D-7510-4047-BB35-7ADA51951B68}"
EndProject
Global
	GlobalSection(SolutionConfigurationPlatforms) = preSolution
		Debug|Any CPU = Debug|Any CPU
		Release|Any CPU = Release|Any CPU
	EndGlobalSection
	GlobalSection(ProjectConfigurationPlatforms) = postSolution
		{A464531D-7510-4047-BB35-7ADA51951B68}.Debug|Any CPU.ActiveCfg = Debug|Any CPU
		{A464531D-7510-4047-BB35-7ADA51951B68}.Debug|Any CPU.Build.0 = Debug|Any CPU
		{A464531D-7510-4047-BB35-7ADA51951B68}.Release|Any CPU.ActiveCfg = Release|Any CPU
		{A464531D-7510-4047-BB35-7ADA51951B68}.Release|Any CPU.Build.0 = Release|Any CPU
	EndGlobalSection
	GlobalSection(SolutionProperties) = preSolution
		HideSolutionNode = FALSE
	EndGlobalSection
	GlobalSection(ExtensibilityGlobals) = postSolution
		SolutionGuid = {A6DA360F-FFCE-4592-B7DE-7FF25D3BF060}
	EndGlobalSection
EndGlobal
